
Microsoft Visual Studio Solution File, Format Version 12.00
# Visual Studio 15
Project("{FAE04EC0-301F-11D3-BF4B-00C04F79EFBC}") = "Mirror", "Mirror.csproj", "{7FF5E601-1701-6736-F204-BE80465E2011}"
EndProject
Project("{FAE04EC0-301F-11D3-BF4B-00C04F79EFBC}") = "Unity.Mirror.CodeGen", "Unity.Mirror.CodeGen.csproj", "{3569EABF-80D8-D193-9DFA-4CA4B0013C28}"
EndProject
Project("{FAE04EC0-301F-11D3-BF4B-00C04F79EFBC}") = "com.rlabrecque.steamworks.net", "com.rlabrecque.steamworks.net.csproj", "{A82232FC-550A-35BA-0687-A7C94D98E9C9}"
EndProject
Project("{FAE04EC0-301F-11D3-BF4B-00C04F79EFBC}") = "Mirror.Components", "Mirror.Components.csproj", "{7ADF66E6-72DA-B960-AFA3-0C8B07A8D792}"
EndProject
Project("{FAE04EC0-301F-11D3-BF4B-00C04F79EFBC}") = "kcp2k", "kcp2k.csproj", "{CB5C91D1-14B2-B8C5-FB56-5B446A9E764C}"
EndProject
Project("{FAE04EC0-301F-11D3-BF4B-00C04F79EFBC}") = "Mirror.Editor", "Mirror.Editor.csproj", "{D7A04730-E131-F60E-8169-92D78587B783}"
EndProject
Project("{FAE04EC0-301F-11D3-BF4B-00C04F79EFBC}") = "Mirror.Examples", "Mirror.Examples.csproj", "{29AA536F-67A4-5F91-6090-50A2EE1BF469}"
EndProject
Project("{FAE04EC0-301F-11D3-BF4B-00C04F79EFBC}") = "Assembly-CSharp", "Assembly-CSharp.csproj", "{89A417A7-345F-3E1A-FC53-82A7CD9FAC7C}"
EndProject
Project("{FAE04EC0-301F-11D3-BF4B-00C04F79EFBC}") = "SimpleWebTransport", "SimpleWebTransport.csproj", "{62B65C1C-8A9F-06D0-49E8-B0C520AA390B}"
EndProject
Project("{FAE04EC0-301F-11D3-BF4B-00C04F79EFBC}") = "Mirror.Authenticators", "Mirror.Authenticators.csproj", "{19E940D9-5B71-0FAC-70A4-1391EF9F5A50}"
EndProject
Project("{FAE04EC0-301F-11D3-BF4B-00C04F79EFBC}") = "FizzySteamworks", "FizzySteamworks.csproj", "{4874F951-7DF6-6F73-A4B0-E5F5FEAD024A}"
EndProject
Project("{FAE04EC0-301F-11D3-BF4B-00C04F79EFBC}") = "Telepathy", "Telepathy.csproj", "{F52D5999-A738-EA1F-2A25-B33D937D712B}"
EndProject
Project("{FAE04EC0-301F-11D3-BF4B-00C04F79EFBC}") = "Mirror.Transports", "Mirror.Transports.csproj", "{33FBF6A8-3769-AD88-E34A-49534C1FA71E}"
EndProject
Project("{FAE04EC0-301F-11D3-BF4B-00C04F79EFBC}") = "com.rlabrecque.steamworks.net.editor", "com.rlabrecque.steamworks.net.editor.csproj", "{1549204E-3C76-03FA-B25E-B7FB05378F8D}"
EndProject
Project("{FAE04EC0-301F-11D3-BF4B-00C04F79EFBC}") = "Mirror.CompilerSymbols", "Mirror.CompilerSymbols.csproj", "{F97E23D7-8FB0-AF26-A99F-AD54C4970416}"
EndProject
Global
	GlobalSection(SolutionConfigurationPlatforms) = preSolution
		Debug|Any CPU = Debug|Any CPU
		Release|Any CPU = Release|Any CPU
	EndGlobalSection
	GlobalSection(ProjectConfigurationPlatforms) = postSolution
		{7FF5E601-1701-6736-F204-BE80465E2011}.Debug|Any CPU.ActiveCfg = Debug|Any CPU
		{7FF5E601-1701-6736-F204-BE80465E2011}.Debug|Any CPU.Build.0 = Debug|Any CPU
		{7FF5E601-1701-6736-F204-BE80465E2011}.Release|Any CPU.ActiveCfg = Release|Any CPU
		{7FF5E601-1701-6736-F204-BE80465E2011}.Release|Any CPU.Build.0 = Release|Any CPU
		{3569EABF-80D8-D193-9DFA-4CA4B0013C28}.Debug|Any CPU.ActiveCfg = Debug|Any CPU
		{3569EABF-80D8-D193-9DFA-4CA4B0013C28}.Debug|Any CPU.Build.0 = Debug|Any CPU
		{3569EABF-80D8-D193-9DFA-4CA4B0013C28}.Release|Any CPU.ActiveCfg = Release|Any CPU
		{3569EABF-80D8-D193-9DFA-4CA4B0013C28}.Release|Any CPU.Build.0 = Release|Any CPU
		{A82232FC-550A-35BA-0687-A7C94D98E9C9}.Debug|Any CPU.ActiveCfg = Debug|Any CPU
		{A82232FC-550A-35BA-0687-A7C94D98E9C9}.Debug|Any CPU.Build.0 = Debug|Any CPU
		{A82232FC-550A-35BA-0687-A7C94D98E9C9}.Release|Any CPU.ActiveCfg = Release|Any CPU
		{A82232FC-550A-35BA-0687-A7C94D98E9C9}.Release|Any CPU.Build.0 = Release|Any CPU
		{7ADF66E6-72DA-B960-AFA3-0C8B07A8D792}.Debug|Any CPU.ActiveCfg = Debug|Any CPU
		{7ADF66E6-72DA-B960-AFA3-0C8B07A8D792}.Debug|Any CPU.Build.0 = Debug|Any CPU
		{7ADF66E6-72DA-B960-AFA3-0C8B07A8D792}.Release|Any CPU.ActiveCfg = Release|Any CPU
		{7ADF66E6-72DA-B960-AFA3-0C8B07A8D792}.Release|Any CPU.Build.0 = Release|Any CPU
		{CB5C91D1-14B2-B8C5-FB56-5B446A9E764C}.Debug|Any CPU.ActiveCfg = Debug|Any CPU
		{CB5C91D1-14B2-B8C5-FB56-5B446A9E764C}.Debug|Any CPU.Build.0 = Debug|Any CPU
		{CB5C91D1-14B2-B8C5-FB56-5B446A9E764C}.Release|Any CPU.ActiveCfg = Release|Any CPU
		{CB5C91D1-14B2-B8C5-FB56-5B446A9E764C}.Release|Any CPU.Build.0 = Release|Any CPU
		{D7A04730-E131-F60E-8169-92D78587B783}.Debug|Any CPU.ActiveCfg = Debug|Any CPU
		{D7A04730-E131-F60E-8169-92D78587B783}.Debug|Any CPU.Build.0 = Debug|Any CPU
		{D7A04730-E131-F60E-8169-92D78587B783}.Release|Any CPU.ActiveCfg = Release|Any CPU
		{D7A04730-E131-F60E-8169-92D78587B783}.Release|Any CPU.Build.0 = Release|Any CPU
		{29AA536F-67A4-5F91-6090-50A2EE1BF469}.Debug|Any CPU.ActiveCfg = Debug|Any CPU
		{29AA536F-67A4-5F91-6090-50A2EE1BF469}.Debug|Any CPU.Build.0 = Debug|Any CPU
		{29AA536F-67A4-5F91-6090-50A2EE1BF469}.Release|Any CPU.ActiveCfg = Release|Any CPU
		{29AA536F-67A4-5F91-6090-50A2EE1BF469}.Release|Any CPU.Build.0 = Release|Any CPU
		{89A417A7-345F-3E1A-FC53-82A7CD9FAC7C}.Debug|Any CPU.ActiveCfg = Debug|Any CPU
		{89A417A7-345F-3E1A-FC53-82A7CD9FAC7C}.Debug|Any CPU.Build.0 = Debug|Any CPU
		{89A417A7-345F-3E1A-FC53-82A7CD9FAC7C}.Release|Any CPU.ActiveCfg = Release|Any CPU
		{89A417A7-345F-3E1A-FC53-82A7CD9FAC7C}.Release|Any CPU.Build.0 = Release|Any CPU
		{62B65C1C-8A9F-06D0-49E8-B0C520AA390B}.Debug|Any CPU.ActiveCfg = Debug|Any CPU
		{62B65C1C-8A9F-06D0-49E8-B0C520AA390B}.Debug|Any CPU.Build.0 = Debug|Any CPU
		{62B65C1C-8A9F-06D0-49E8-B0C520AA390B}.Release|Any CPU.ActiveCfg = Release|Any CPU
		{62B65C1C-8A9F-06D0-49E8-B0C520AA390B}.Release|Any CPU.Build.0 = Release|Any CPU
		{19E940D9-5B71-0FAC-70A4-1391EF9F5A50}.Debug|Any CPU.ActiveCfg = Debug|Any CPU
		{19E940D9-5B71-0FAC-70A4-1391EF9F5A50}.Debug|Any CPU.Build.0 = Debug|Any CPU
		{19E940D9-5B71-0FAC-70A4-1391EF9F5A50}.Release|Any CPU.ActiveCfg = Release|Any CPU
		{19E940D9-5B71-0FAC-70A4-1391EF9F5A50}.Release|Any CPU.Build.0 = Release|Any CPU
		{4874F951-7DF6-6F73-A4B0-E5F5FEAD024A}.Debug|Any CPU.ActiveCfg = Debug|Any CPU
		{4874F951-7DF6-6F73-A4B0-E5F5FEAD024A}.Debug|Any CPU.Build.0 = Debug|Any CPU
		{4874F951-7DF6-6F73-A4B0-E5F5FEAD024A}.Release|Any CPU.ActiveCfg = Release|Any CPU
		{4874F951-7DF6-6F73-A4B0-E5F5FEAD024A}.Release|Any CPU.Build.0 = Release|Any CPU
		{F52D5999-A738-EA1F-2A25-B33D937D712B}.Debug|Any CPU.ActiveCfg = Debug|Any CPU
		{F52D5999-A738-EA1F-2A25-B33D937D712B}.Debug|Any CPU.Build.0 = Debug|Any CPU
		{F52D5999-A738-EA1F-2A25-B33D937D712B}.Release|Any CPU.ActiveCfg = Release|Any CPU
		{F52D5999-A738-EA1F-2A25-B33D937D712B}.Release|Any CPU.Build.0 = Release|Any CPU
		{33FBF6A8-3769-AD88-E34A-49534C1FA71E}.Debug|Any CPU.ActiveCfg = Debug|Any CPU
		{33FBF6A8-3769-AD88-E34A-49534C1FA71E}.Debug|Any CPU.Build.0 = Debug|Any CPU
		{33FBF6A8-3769-AD88-E34A-49534C1FA71E}.Release|Any CPU.ActiveCfg = Release|Any CPU
		{33FBF6A8-3769-AD88-E34A-49534C1FA71E}.Release|Any CPU.Build.0 = Release|Any CPU
		{1549204E-3C76-03FA-B25E-B7FB05378F8D}.Debug|Any CPU.ActiveCfg = Debug|Any CPU
		{1549204E-3C76-03FA-B25E-B7FB05378F8D}.Debug|Any CPU.Build.0 = Debug|Any CPU
		{1549204E-3C76-03FA-B25E-B7FB05378F8D}.Release|Any CPU.ActiveCfg = Release|Any CPU
		{1549204E-3C76-03FA-B25E-B7FB05378F8D}.Release|Any CPU.Build.0 = Release|Any CPU
		{F97E23D7-8FB0-AF26-A99F-AD54C4970416}.Debug|Any CPU.ActiveCfg = Debug|Any CPU
		{F97E23D7-8FB0-AF26-A99F-AD54C4970416}.Debug|Any CPU.Build.0 = Debug|Any CPU
		{F97E23D7-8FB0-AF26-A99F-AD54C4970416}.Release|Any CPU.ActiveCfg = Release|Any CPU
		{F97E23D7-8FB0-AF26-A99F-AD54C4970416}.Release|Any CPU.Build.0 = Release|Any CPU
	EndGlobalSection
	GlobalSection(SolutionProperties) = preSolution
		HideSolutionNode = FALSE
	EndGlobalSection
EndGlobal
